// !$*UTF8*$!
{
	archiveVersion = 1;
	classes = {
	};
	objectVersion = 55;
	objects = {

/* Begin PBXBuildFile section */
		BCA16E97281A1B7300D44410 /* FormatDescriptionApp.swift in Sources */ = {isa = PBXBuildFile; fileRef = BCA16E96281A1B7300D44410 /* FormatDescriptionApp.swift */; };
		BCA16E99281A1B7300D44410 /* ContentView.swift in Sources */ = {isa = PBXBuildFile; fileRef = BCA16E98281A1B7300D44410 /* ContentView.swift */; };
		BCA16E9B281A1B7300D44410 /* Assets.xcassets in Resources */ = {isa = PBXBuildFile; fileRef = BCA16E9A281A1B7300D44410 /* Assets.xcassets */; };
		BCA16E9E281A1B7300D44410 /* Preview Assets.xcassets in Resources */ = {isa = PBXBuildFile; fileRef = BCA16E9D281A1B7300D44410 /* Preview Assets.xcassets */; };
		BCA16EA7281A351E00D44410 /* MainView.swift in Sources */ = {isa = PBXBuildFile; fileRef = BCA16EA6281A351E00D44410 /* MainView.swift */; };
		BCA16EA9281A3E8A00D44410 /* ColorExtension.swift in Sources */ = {isa = PBXBuildFile; fileRef = BCA16EA8281A3E8A00D44410 /* ColorExtension.swift */; };
		BCA16EAB281A5B9800D44410 /* ImageCategoryView.swift in Sources */ = {isa = PBXBuildFile; fileRef = BCA16EAA281A5B9800D44410 /* ImageCategoryView.swift */; };
		BCA16EAF281A5BC400D44410 /* VideoCategoryView.swift in Sources */ = {isa = PBXBuildFile; fileRef = BCA16EAE281A5BC400D44410 /* VideoCategoryView.swift */; };
		BCA16EB1281A5BD100D44410 /* CollectView.swift in Sources */ = {isa = PBXBuildFile; fileRef = BCA16EB0281A5BD100D44410 /* CollectView.swift */; };
		BCA16EB3281A5BE800D44410 /* SearchView.swift in Sources */ = {isa = PBXBuildFile; fileRef = BCA16EB2281A5BE800D44410 /* SearchView.swift */; };
/* End PBXBuildFile section */

/* Begin PBXFileReference section */
		BCA16E93281A1B7300D44410 /* FormatDescription.app */ = {isa = PBXFileReference; explicitFileType = wrapper.application; includeInIndex = 0; path = FormatDescription.app; sourceTree = BUILT_PRODUCTS_DIR; };
		BCA16E96281A1B7300D44410 /* FormatDescriptionApp.swift */ = {isa = PBXFileReference; lastKnownFileType = sourcecode.swift; path = FormatDescriptionApp.swift; sourceTree = "<group>"; };
		BCA16E98281A1B7300D44410 /* ContentView.swift */ = {isa = PBXFileReference; lastKnownFileType = sourcecode.swift; path = ContentView.swift; sourceTree = "<group>"; };
		BCA16E9A281A1B7300D44410 /* Assets.xcassets */ = {isa = PBXFileReference; lastKnownFileType = folder.assetcatalog; path = Assets.xcassets; sourceTree = "<group>"; };
		BCA16E9D281A1B7300D44410 /* Preview Assets.xcassets */ = {isa = PBXFileReference; lastKnownFileType = folder.assetcatalog; path = "Preview Assets.xcassets"; sourceTree = "<group>"; };
		BCA16EA6281A351E00D44410 /* MainView.swift */ = {isa = PBXFileReference; lastKnownFileType = sourcecode.swift; path = MainView.swift; sourceTree = "<group>"; };
		BCA16EA8281A3E8A00D44410 /* ColorExtension.swift */ = {isa = PBXFileReference; lastKnownFileType = sourcecode.swift; path = ColorExtension.swift; sourceTree = "<group>"; };
		BCA16EAA281A5B9800D44410 /* ImageCategoryView.swift */ = {isa = PBXFileReference; lastKnownFileType = sourcecode.swift; path = ImageCategoryView.swift; sourceTree = "<group>"; };
		BCA16EAE281A5BC400D44410 /* VideoCategoryView.swift */ = {isa = PBXFileReference; lastKnownFileType = sourcecode.swift; path = VideoCategoryView.swift; sourceTree = "<group>"; };
		BCA16EB0281A5BD100D44410 /* CollectView.swift */ = {isa = PBXFileReference; lastKnownFileType = sourcecode.swift; path = CollectView.swift; sourceTree = "<group>"; };
		BCA16EB2281A5BE800D44410 /* SearchView.swift */ = {isa = PBXFileReference; lastKnownFileType = sourcecode.swift; path = SearchView.swift; sourceTree = "<group>"; };
/* End PBXFileReference section */

/* Begin PBXFrameworksBuildPhase section */
		BCA16E90281A1B7300D44410 /* Frameworks */ = {
			isa = PBXFrameworksBuildPhase;
			buildActionMask = 2147483647;
			files = (
			);
			runOnlyForDeploymentPostprocessing = 0;
		};
/* End PBXFrameworksBuildPhase section */

/* Begin PBXGroup section */
		BCA16E8A281A1B7300D44410 = {
			isa = PBXGroup;
			children = (
				BCA16E95281A1B7300D44410 /* FormatDescription */,
				BCA16E94281A1B7300D44410 /* Products */,
			);
			sourceTree = "<group>";
		};
		BCA16E94281A1B7300D44410 /* Products */ = {
			isa = PBXGroup;
			children = (
				BCA16E93281A1B7300D44410 /* FormatDescription.app */,
			);
			name = Products;
			sourceTree = "<group>";
		};
		BCA16E95281A1B7300D44410 /* FormatDescription */ = {
			isa = PBXGroup;
			children = (
				BCA16E96281A1B7300D44410 /* FormatDescriptionApp.swift */,
				BCA16E98281A1B7300D44410 /* ContentView.swift */,
				BCA16EA6281A351E00D44410 /* MainView.swift */,
				BCA16EAA281A5B9800D44410 /* ImageCategoryView.swift */,
				BCA16EAE281A5BC400D44410 /* VideoCategoryView.swift */,
				BCA16EB0281A5BD100D44410 /* CollectView.swift */,
				BCA16EB2281A5BE800D44410 /* SearchView.swift */,
				BCA16EA8281A3E8A00D44410 /* ColorExtension.swift */,
				BCA16E9A281A1B7300D44410 /* Assets.xcassets */,
				BCA16E9C281A1B7300D44410 /* Preview Content */,
			);
			path = FormatDescription;
			sourceTree = "<group>";
		};
		BCA16E9C281A1B7300D44410 /* Preview Content */ = {
			isa = PBXGroup;
			children = (
				BCA16E9D281A1B7300D44410 /* Preview Assets.xcassets */,
			);
			path = "Preview Content";
			sourceTree = "<group>";
		};
/* End PBXGroup section */

/* Begin PBXNativeTarget section */
		BCA16E92281A1B7300D44410 /* FormatDescription */ = {
			isa = PBXNativeTarget;
			buildConfigurationList = BCA16EA1281A1B7300D44410 /* Build configuration list for PBXNativeTarget "FormatDescription" */;
			buildPhases = (
				BCA16E8F281A1B7300D44410 /* Sources */,
				BCA16E90281A1B7300D44410 /* Frameworks */,
				BCA16E91281A1B7300D44410 /* Resources */,
			);
			buildRules = (
			);
			dependencies = (
			);
			name = FormatDescription;
			productName = FormatDescription;
			productReference = BCA16E93281A1B7300D44410 /* FormatDescription.app */;
			productType = "com.apple.product-type.application";
		};
/* End PBXNativeTarget section */

/* Begin PBXProject section */
		BCA16E8B281A1B7300D44410 /* Project object */ = {
			isa = PBXProject;
			attributes = {
				BuildIndependentTargetsInParallel = 1;
				LastSwiftUpdateCheck = 1330;
				LastUpgradeCheck = 1330;
				TargetAttributes = {
					BCA16E92281A1B7300D44410 = {
						CreatedOnToolsVersion = 13.3.1;
					};
				};
			};
			buildConfigurationList = BCA16E8E281A1B7300D44410 /* Build configuration list for PBXProject "FormatDescription" */;
			compatibilityVersion = "Xcode 13.0";
			developmentRegion = en;
			hasScannedForEncodings = 0;
			knownRegions = (
				en,
				Base,
			);
			mainGroup = BCA16E8A281A1B7300D44410;
			productRefGroup = BCA16E94281A1B7300D44410 /* Products */;
			projectDirPath = "";
			projectRoot = "";
			targets = (
				BCA16E92281A1B7300D44410 /* FormatDescription */,
			);
		};
/* End PBXProject section */

/* Begin PBXResourcesBuildPhase section */
		BCA16E91281A1B7300D44410 /* Resources */ = {
			isa = PBXResourcesBuildPhase;
			buildActionMask = 2147483647;
			files = (
				BCA16E9E281A1B7300D44410 /* Preview Assets.xcassets in Resources */,
				BCA16E9B281A1B7300D44410 /* Assets.xcassets in Resources */,
			);
			runOnlyForDeploymentPostprocessing = 0;
		};
/* End PBXResourcesBuildPhase section */

/* Begin PBXSourcesBuildPhase section */
		BCA16E8F281A1B7300D44410 /* Sources */ = {
			isa = PBXSourcesBuildPhase;
			buildActionMask = 2147483647;
			files = (
				BCA16EAF281A5BC400D44410 /* VideoCategoryView.swift in Sources */,
				BCA16E99281A1B7300D44410 /* ContentView.swift in Sources */,
				BCA16EAB281A5B9800D44410 /* ImageCategoryView.swift in Sources */,
				BCA16EA7281A351E00D44410 /* MainView.swift in Sources */,
				BCA16EB3281A5BE800D44410 /* SearchView.swift in Sources */,
				BCA16EB1281A5BD100D44410 /* CollectView.swift in Sources */,
				BCA16E97281A1B7300D44410 /* FormatDescriptionApp.swift in Sources */,
				BCA16EA9281A3E8A00D44410 /* ColorExtension.swift in Sources */,
			);
			runOnlyForDeploymentPostprocessing = 0;
		};
/* End PBXSourcesBuildPhase section */

/* Begin XCBuildConfiguration section */
		BCA16E9F281A1B7300D44410 /* Debug */ = {
			isa = XCBuildConfiguration;
			buildSettings = {
				ALWAYS_SEARCH_USER_PATHS = NO;
				CLANG_ANALYZER_NONNULL = YES;
				CLANG_ANALYZER_NUMBER_OBJECT_CONVERSION = YES_AGGRESSIVE;
				CLANG_CXX_LANGUAGE_STANDARD = "gnu++17";
				CLANG_ENABLE_MODULES = YES;
				CLANG_ENABLE_OBJC_ARC = YES;
				CLANG_ENABLE_OBJC_WEAK = YES;
				CLANG_WARN_BLOCK_CAPTURE_AUTORELEASING = YES;
				CLANG_WARN_BOOL_CONVERSION = YES;
				CLANG_WARN_COMMA = YES;
				CLANG_WARN_CONSTANT_CONVERSION = YES;
				CLANG_WARN_DEPRECATED_OBJC_IMPLEMENTATIONS = YES;
				CLANG_WARN_DIRECT_OBJC_ISA_USAGE = YES_ERROR;
				CLANG_WARN_DOCUMENTATION_COMMENTS = YES;
				CLANG_WARN_EMPTY_BODY = YES;
				CLANG_WARN_ENUM_CONVERSION = YES;
				CLANG_WARN_INFINITE_RECURSION = YES;
				CLANG_WARN_INT_CONVERSION = YES;
				CLANG_WARN_NON_LITERAL_NULL_CONVERSION = YES;
				CLANG_WARN_OBJC_IMPLICIT_RETAIN_SELF = YES;
				CLANG_WARN_OBJC_LITERAL_CONVERSION = YES;
				CLANG_WARN_OBJC_ROOT_CLASS = YES_ERROR;
				CLANG_WARN_QUOTED_INCLUDE_IN_FRAMEWORK_HEADER = YES;
				CLANG_WARN_RANGE_LOOP_ANALYSIS = YES;
				CLANG_WARN_STRICT_PROTOTYPES = YES;
				CLANG_WARN_SUSPICIOUS_MOVE = YES;
				CLANG_WARN_UNGUARDED_AVAILABILITY = YES_AGGRESSIVE;
				CLANG_WARN_UNREACHABLE_CODE = YES;
				CLANG_WARN__DUPLICATE_METHOD_MATCH = YES;
				COPY_PHASE_STRIP = NO;
				DEBUG_INFORMATION_FORMAT = dwarf;
				ENABLE_STRICT_OBJC_MSGSEND = YES;
				ENABLE_TESTABILITY = YES;
				GCC_C_LANGUAGE_STANDARD = gnu11;
				GCC_DYNAMIC_NO_PIC = NO;
				GCC_NO_COMMON_BLOCKS = YES;
				GCC_OPTIMIZATION_LEVEL = 0;
				GCC_PREPROCESSOR_DEFINITIONS = (
					"DEBUG=1",
					"$(inherited)",
				);
				GCC_WARN_64_TO_32_BIT_CONVERSION = YES;
				GCC_WARN_ABOUT_RETURN_TYPE = YES_ERROR;
				GCC_WARN_UNDECLARED_SELECTOR = YES;
				GCC_WARN_UNINITIALIZED_AUTOS = YES_AGGRESSIVE;
				GCC_WARN_UNUSED_FUNCTION = YES;
				GCC_WARN_UNUSED_VARIABLE = YES;
				IPHONEOS_DEPLOYMENT_TARGET = 15.4;
				MTL_ENABLE_DEBUG_INFO = INCLUDE_SOURCE;
				MTL_FAST_MATH = YES;
				ONLY_ACTIVE_ARCH = YES;
				SDKROOT = iphoneos;
				SWIFT_ACTIVE_COMPILATION_CONDITIONS = DEBUG;
				SWIFT_OPTIMIZATION_LEVEL = "-Onone";
			};
			name = Debug;
		};
		BCA16EA0281A1B7300D44410 /* Release */ = {
			isa = XCBuildConfiguration;
			buildSettings = {
				ALWAYS_SEARCH_USER_PATHS = NO;
				CLANG_ANALYZER_NONNULL = YES;
				CLANG_ANALYZER_NUMBER_OBJECT_CONVERSION = YES_AGGRESSIVE;
				CLANG_CXX_LANGUAGE_STANDARD = "gnu++17";
				CLANG_ENABLE_MODULES = YES;
				CLANG_ENABLE_OBJC_ARC = YES;
				CLANG_ENABLE_OBJC_WEAK = YES;
				CLANG_WARN_BLOCK_CAPTURE_AUTORELEASING = YES;
				CLANG_WARN_BOOL_CONVERSION = YES;
				CLANG_WARN_COMMA = YES;
				CLANG_WARN_CONSTANT_CONVERSION = YES;
				CLANG_WARN_DEPRECATED_OBJC_IMPLEMENTATIONS = YES;
				CLANG_WARN_DIRECT_OBJC_ISA_USAGE = YES_ERROR;
				CLANG_WARN_DOCUMENTATION_COMMENTS = YES;
				CLANG_WARN_EMPTY_BODY = YES;
				CLANG_WARN_ENUM_CONVERSION = YES;
				CLANG_WARN_INFINITE_RECURSION = YES;
				CLANG_WARN_INT_CONVERSION = YES;
				CLANG_WARN_NON_LITERAL_NULL_CONVERSION = YES;
				CLANG_WARN_OBJC_IMPLICIT_RETAIN_SELF = YES;
				CLANG_WARN_OBJC_LITERAL_CONVERSION = YES;
				CLANG_WARN_OBJC_ROOT_CLASS = YES_ERROR;
				CLANG_WARN_QUOTED_INCLUDE_IN_FRAMEWORK_HEADER = YES;
				CLANG_WARN_RANGE_LOOP_ANALYSIS = YES;
				CLANG_WARN_STRICT_PROTOTYPES = YES;
				CLANG_WARN_SUSPICIOUS_MOVE = YES;
				CLANG_WARN_UNGUARDED_AVAILABILITY = YES_AGGRESSIVE;
				CLANG_WARN_UNREACHABLE_CODE = YES;
				CLANG_WARN__DUPLICATE_METHOD_MATCH = YES;
				COPY_PHASE_STRIP = NO;
				DEBUG_INFORMATION_FORMAT = "dwarf-with-dsym";
				ENABLE_NS_ASSERTIONS = NO;
				ENABLE_STRICT_OBJC_MSGSEND = YES;
				GCC_C_LANGUAGE_STANDARD = gnu11;
				GCC_NO_COMMON_BLOCKS = YES;
				GCC_WARN_64_TO_32_BIT_CONVERSION = YES;
				GCC_WARN_ABOUT_RETURN_TYPE = YES_ERROR;
				GCC_WARN_UNDECLARED_SELECTOR = YES;
				GCC_WARN_UNINITIALIZED_AUTOS = YES_AGGRESSIVE;
				GCC_WARN_UNUSED_FUNCTION = YES;
				GCC_WARN_UNUSED_VARIABLE = YES;
				IPHONEOS_DEPLOYMENT_TARGET = 15.4;
				MTL_ENABLE_DEBUG_INFO = NO;
				MTL_FAST_MATH = YES;
				SDKROOT = iphoneos;
				SWIFT_COMPILATION_MODE = wholemodule;
				SWIFT_OPTIMIZATION_LEVEL = "-O";
				VALIDATE_PRODUCT = YES;
			};
			name = Release;
		};
		BCA16EA2281A1B7300D44410 /* Debug */ = {
			isa = XCBuildConfiguration;
			buildSettings = {
				ASSETCATALOG_COMPILER_APPICON_NAME = AppIcon;
				ASSETCATALOG_COMPILER_GLOBAL_ACCENT_COLOR_NAME = AccentColor;
				CODE_SIGN_STYLE = Automatic;
				CURRENT_PROJECT_VERSION = 1;
				DEVELOPMENT_ASSET_PATHS = "\"FormatDescription/Preview Content\"";
				ENABLE_PREVIEWS = YES;
				GENERATE_INFOPLIST_FILE = YES;
				INFOPLIST_KEY_UIApplicationSceneManifest_Generation = YES;
				INFOPLIST_KEY_UIApplicationSupportsIndirectInputEvents = YES;
				INFOPLIST_KEY_UILaunchScreen_Generation = YES;
				INFOPLIST_KEY_UISupportedInterfaceOrientations_iPad = "UIInterfaceOrientationPortrait UIInterfaceOrientationPortraitUpsideDown UIInterfaceOrientationLandscapeLeft UIInterfaceOrientationLandscapeRight";
				INFOPLIST_KEY_UISupportedInterfaceOrientations_iPhone = "UIInterfaceOrientationPortrait UIInterfaceOrientationLandscapeLeft UIInterfaceOrientationLandscapeRight";
				LD_RUNPATH_SEARCH_PATHS = (
					"$(inherited)",
					"@executable_path/Frameworks",
				);
				MARKETING_VERSION = 1.0;
				PRODUCT_BUNDLE_IDENTIFIER = com.dophi.FormatDescription;
				PRODUCT_NAME = "$(TARGET_NAME)";
				SWIFT_EMIT_LOC_STRINGS = YES;
				SWIFT_VERSION = 5.0;
				TARGETED_DEVICE_FAMILY = "1,2";
			};
			name = Debug;
		};
		BCA16EA3281A1B7300D44410 /* Release */ = {
			isa = XCBuildConfiguration;
			buildSettings = {
				ASSETCATALOG_COMPILER_APPICON_NAME = AppIcon;
				ASSETCATALOG_COMPILER_GLOBAL_ACCENT_COLOR_NAME = AccentColor;
				CODE_SIGN_STYLE = Automatic;
				CURRENT_PROJECT_VERSION = 1;
				DEVELOPMENT_ASSET_PATHS = "\"FormatDescription/Preview Content\"";
				ENABLE_PREVIEWS = YES;
				GENERATE_INFOPLIST_FILE = YES;
				INFOPLIST_KEY_UIApplicationSceneManifest_Generation = YES;
				INFOPLIST_KEY_UIApplicationSupportsIndirectInputEvents = YES;
				INFOPLIST_KEY_UILaunchScreen_Generation = YES;
				INFOPLIST_KEY_UISupportedInterfaceOrientations_iPad = "UIInterfaceOrientationPortrait UIInterfaceOrientationPortraitUpsideDown UIInterfaceOrientationLandscapeLeft UIInterfaceOrientationLandscapeRight";
				INFOPLIST_KEY_UISupportedInterfaceOrientations_iPhone = "UIInterfaceOrientationPortrait UIInterfaceOrientationLandscapeLeft UIInterfaceOrientationLandscapeRight";
				LD_RUNPATH_SEARCH_PATHS = (
					"$(inherited)",
					"@executable_path/Frameworks",
				);
				MARKETING_VERSION = 1.0;
				PRODUCT_BUNDLE_IDENTIFIER = com.dophi.FormatDescription;
				PRODUCT_NAME = "$(TARGET_NAME)";
				SWIFT_EMIT_LOC_STRINGS = YES;
				SWIFT_VERSION = 5.0;
				TARGETED_DEVICE_FAMILY = "1,2";
			};
			name = Release;
		};
/* End XCBuildConfiguration section */

/* Begin XCConfigurationList section */
		BCA16E8E281A1B7300D44410 /* Build configuration list for PBXProject "FormatDescription" */ = {
			isa = XCConfigurationList;
			buildConfigurations = (
				BCA16E9F281A1B7300D44410 /* Debug */,
				BCA16EA0281A1B7300D44410 /* Release */,
			);
			defaultConfigurationIsVisible = 0;
			defaultConfigurationName = Release;
		};
		BCA16EA1281A1B7300D44410 /* Build configuration list for PBXNativeTarget "FormatDescription" */ = {
			isa = XCConfigurationList;
			buildConfigurations = (
				BCA16EA2281A1B7300D44410 /* Debug */,
				BCA16EA3281A1B7300D44410 /* Release */,
			);
			defaultConfigurationIsVisible = 0;
			defaultConfigurationName = Release;
		};
/* End XCConfigurationList section */
	};
	rootObject = BCA16E8B281A1B7300D44410 /* Project object */;
}
